
Microsoft Visual Studio Solution File, Format Version 12.00
# Visual Studio Version 17
VisualStudioVersion = 17.13.35931.197 d17.13
MinimumVisualStudioVersion = 10.0.40219.1
Project("{FAE04EC0-301F-11D3-BF4B-00C04F79EFBC}") = "aula2804", "aula2804\aula2804.csproj", "{1FDA3A36-1960-4843-88A6-F4BC3932FEBF}"
EndProject
Global
	GlobalSection(SolutionConfigurationPlatforms) = preSolution
		Debug|Any CPU = Debug|Any CPU
		Release|Any CPU = Release|Any CPU
	EndGlobalSection
	GlobalSection(ProjectConfigurationPlatforms) = postSolution
		{1FDA3A36-1960-4843-88A6-F4BC3932FEBF}.Debug|Any CPU.ActiveCfg = Debug|Any CPU
		{1FDA3A36-1960-4843-88A6-F4BC3932FEBF}.Debug|Any CPU.Build.0 = Debug|Any CPU
		{1FDA3A36-1960-4843-88A6-F4BC3932FEBF}.Release|Any CPU.ActiveCfg = Release|Any CPU
		{1FDA3A36-1960-4843-88A6-F4BC3932FEBF}.Release|Any CPU.Build.0 = Release|Any CPU
	EndGlobalSection
	GlobalSection(SolutionProperties) = preSolution
		HideSolutionNode = FALSE
	EndGlobalSection
	GlobalSection(ExtensibilityGlobals) = postSolution
		SolutionGuid = {11233385-EC46-41F3-9E34-3BA10BCA71E3}
	EndGlobalSection
EndGlobal
