
Microsoft Visual Studio Solution File, Format Version 12.00
# Visual Studio Version 17
VisualStudioVersion = 17.13.35913.81 d17.13
MinimumVisualStudioVersion = 10.0.40219.1
Project("{FAE04EC0-301F-11D3-BF4B-00C04F79EFBC}") = "Aula2403", "Aula2403\Aula2403.csproj", "{34D66D5F-49B6-42B9-85A0-E2E7B95804DC}"
EndProject
Global
	GlobalSection(SolutionConfigurationPlatforms) = preSolution
		Debug|Any CPU = Debug|Any CPU
		Release|Any CPU = Release|Any CPU
	EndGlobalSection
	GlobalSection(ProjectConfigurationPlatforms) = postSolution
		{34D66D5F-49B6-42B9-85A0-E2E7B95804DC}.Debug|Any CPU.ActiveCfg = Debug|Any CPU
		{34D66D5F-49B6-42B9-85A0-E2E7B95804DC}.Debug|Any CPU.Build.0 = Debug|Any CPU
		{34D66D5F-49B6-42B9-85A0-E2E7B95804DC}.Release|Any CPU.ActiveCfg = Release|Any CPU
		{34D66D5F-49B6-42B9-85A0-E2E7B95804DC}.Release|Any CPU.Build.0 = Release|Any CPU
	EndGlobalSection
	GlobalSection(SolutionProperties) = preSolution
		HideSolutionNode = FALSE
	EndGlobalSection
	GlobalSection(ExtensibilityGlobals) = postSolution
		SolutionGuid = {0CE07AD5-A78A-4AFA-B3A8-0CA9D6A84F07}
	EndGlobalSection
EndGlobal
